{
  "lockfileVersion": 1,
  "workspaces": {
    "": {
      "name": "agentswarm",
      "dependencies": {
        "@ai-sdk/google": "^1.2.19",
        "@ai-sdk/openai": "^1.3.22",
        "@openrouter/ai-sdk-provider": "^0.7.2",
        "ai": "^4.3.16",
        "dotenv": "^16.4.7",
        "nunjucks": "^3.2.4",
        "zod": "^3.24.1",
      },
      "devDependencies": {
        "@types/bun": "latest",
        "@types/nunjucks": "^3.2.6",
        "readline": "^1.3.0",
        "typescript": "^5.0.0",
      },
      "peerDependencies": {
        "typescript": "^5.0.0",
      },
    },
  },
  "packages": {
    "@ai-sdk/google": ["@ai-sdk/google@1.2.19", "", { "dependencies": { "@ai-sdk/provider": "1.1.3", "@ai-sdk/provider-utils": "2.2.8" }, "peerDependencies": { "zod": "^3.0.0" } }, "sha512-Xgl6eftIRQ4srUdCzxM112JuewVMij5q4JLcNmHcB68Bxn9dpr3MVUSPlJwmameuiQuISIA8lMB+iRiRbFsaqA=="],

    "@ai-sdk/openai": ["@ai-sdk/openai@1.3.22", "", { "dependencies": { "@ai-sdk/provider": "1.1.3", "@ai-sdk/provider-utils": "2.2.8" }, "peerDependencies": { "zod": "^3.0.0" } }, "sha512-QwA+2EkG0QyjVR+7h6FE7iOu2ivNqAVMm9UJZkVxxTk5OIq5fFJDTEI/zICEMuHImTTXR2JjsL6EirJ28Jc4cw=="],

    "@ai-sdk/provider": ["@ai-sdk/provider@1.1.3", "", { "dependencies": { "json-schema": "^0.4.0" } }, "sha512-qZMxYJ0qqX/RfnuIaab+zp8UAeJn/ygXXAffR5I4N0n1IrvA6qBsjc8hXLmBiMV2zoXlifkacF7sEFnYnjBcqg=="],

    "@ai-sdk/provider-utils": ["@ai-sdk/provider-utils@2.2.8", "", { "dependencies": { "@ai-sdk/provider": "1.1.3", "nanoid": "^3.3.8", "secure-json-parse": "^2.7.0" }, "peerDependencies": { "zod": "^3.23.8" } }, "sha512-fqhG+4sCVv8x7nFzYnFo19ryhAa3w096Kmc3hWxMQfW/TubPOmt3A6tYZhl4mUfQWWQMsuSkLrtjlWuXBVSGQA=="],

    "@ai-sdk/react": ["@ai-sdk/react@1.2.12", "", { "dependencies": { "@ai-sdk/provider-utils": "2.2.8", "@ai-sdk/ui-utils": "1.2.11", "swr": "^2.2.5", "throttleit": "2.1.0" }, "peerDependencies": { "react": "^18 || ^19 || ^19.0.0-rc", "zod": "^3.23.8" }, "optionalPeers": ["zod"] }, "sha512-jK1IZZ22evPZoQW3vlkZ7wvjYGYF+tRBKXtrcolduIkQ/m/sOAVcVeVDUDvh1T91xCnWCdUGCPZg2avZ90mv3g=="],

    "@ai-sdk/ui-utils": ["@ai-sdk/ui-utils@1.2.11", "", { "dependencies": { "@ai-sdk/provider": "1.1.3", "@ai-sdk/provider-utils": "2.2.8", "zod-to-json-schema": "^3.24.1" }, "peerDependencies": { "zod": "^3.23.8" } }, "sha512-3zcwCc8ezzFlwp3ZD15wAPjf2Au4s3vAbKsXQVyhxODHcmu0iyPO2Eua6D/vicq/AUm/BAo60r97O6HU+EI0+w=="],

    "@openrouter/ai-sdk-provider": ["@openrouter/ai-sdk-provider@0.7.2", "", { "dependencies": { "@ai-sdk/provider": "1.1.3", "@ai-sdk/provider-utils": "2.2.8" }, "peerDependencies": { "ai": "^4.3.16", "zod": "^3.25.34" } }, "sha512-Fry2mV7uGGJRmP9JntTZRc8ElESIk7AJNTacLbF6Syoeb5k8d7HPGkcK9rTXDlqBb8HgU1hOKtz23HojesTmnw=="],

    "@opentelemetry/api": ["@opentelemetry/api@1.9.0", "", {}, ""],

    "@types/bun": ["@types/bun@1.1.15", "", { "dependencies": { "bun-types": "1.1.42" } }, "sha512-Fi7ND1jCq8O5iU3s9z3TKHggD0hidgpe7wSxyisviXpbMmY4B1KiokF3f/mmjOoDrEcf873tSpixgen7Wm9X0g=="],

    "@types/diff-match-patch": ["@types/diff-match-patch@1.0.36", "", {}, ""],

    "@types/node": ["@types/node@20.12.14", "", { "dependencies": { "undici-types": "~5.26.4" } }, "sha512-scnD59RpYD91xngrQQLGkE+6UrHUPzeKZWhhjBSa3HSkwjbQc38+q3RoIVEwxQGRw3M+j5hpNAM+lgV3cVormg=="],

    "@types/nunjucks": ["@types/nunjucks@3.2.6", "", {}, ""],

    "@types/ws": ["@types/ws@8.5.13", "", { "dependencies": { "@types/node": "*" } }, "sha512-osM/gWBTPKgHV8XkTunnegTRIsvF6owmf5w+JtAfOw472dptdm0dlGv4xCt6GwQRcC2XVOvvRE/0bAoQcL2QkA=="],

    "a-sync-waterfall": ["a-sync-waterfall@1.0.1", "", {}, ""],

    "ai": ["ai@4.3.16", "", { "dependencies": { "@ai-sdk/provider": "1.1.3", "@ai-sdk/provider-utils": "2.2.8", "@ai-sdk/react": "1.2.12", "@ai-sdk/ui-utils": "1.2.11", "@opentelemetry/api": "1.9.0", "jsondiffpatch": "0.6.0" }, "peerDependencies": { "react": "^18 || ^19 || ^19.0.0-rc", "zod": "^3.23.8" }, "optionalPeers": ["react"] }, "sha512-KUDwlThJ5tr2Vw0A1ZkbDKNME3wzWhuVfAOwIvFUzl1TPVDFAXDFTXio3p+jaKneB+dKNCvFFlolYmmgHttG1g=="],

    "asap": ["asap@2.0.6", "", {}, ""],

    "bun-types": ["bun-types@1.1.42", "", { "dependencies": { "@types/node": "~20.12.8", "@types/ws": "~8.5.10" } }, "sha512-beMbnFqWbbBQHll/bn3phSwmoOQmnX2nt8NI9iOQKFbgR5Z6rlH3YuaMdlid8vp5XGct3/W4QVQBmhoOEoe4nw=="],

    "chalk": ["chalk@5.3.0", "", {}, ""],

    "client-only": ["client-only@0.0.1", "", {}, ""],

    "commander": ["commander@5.1.0", "", {}, ""],

    "diff-match-patch": ["diff-match-patch@1.0.5", "", {}, ""],

    "dotenv": ["dotenv@16.4.7", "", {}, ""],

    "js-tokens": ["js-tokens@4.0.0", "", {}, ""],

    "json-schema": ["json-schema@0.4.0", "", {}, ""],

    "jsondiffpatch": ["jsondiffpatch@0.6.0", "", { "dependencies": { "@types/diff-match-patch": "^1.0.36", "chalk": "^5.3.0", "diff-match-patch": "^1.0.5" }, "bin": "bin/jsondiffpatch.js" }, ""],

    "loose-envify": ["loose-envify@1.4.0", "", { "dependencies": { "js-tokens": "^3.0.0 || ^4.0.0" }, "bin": "cli.js" }, ""],

    "nanoid": ["nanoid@3.3.8", "", { "bin": "bin/nanoid.cjs" }, ""],

    "nunjucks": ["nunjucks@3.2.4", "", { "dependencies": { "a-sync-waterfall": "^1.0.0", "asap": "^2.0.3", "commander": "^5.1.0" }, "peerDependencies": { "chokidar": "^3.3.0" }, "optionalPeers": ["chokidar"], "bin": { "nunjucks-precompile": "bin/precompile" } }, ""],

    "react": ["react@18.3.1", "", { "dependencies": { "loose-envify": "^1.1.0" } }, ""],

    "readline": ["readline@1.3.0", "", {}, ""],

    "secure-json-parse": ["secure-json-parse@2.7.0", "", {}, ""],

    "swr": ["swr@2.2.5", "", { "dependencies": { "client-only": "^0.0.1", "use-sync-external-store": "^1.2.0" }, "peerDependencies": { "react": "^16.11.0 || ^17.0.0 || ^18.0.0" } }, ""],

    "throttleit": ["throttleit@2.1.0", "", {}, ""],

    "typescript": ["typescript@5.7.2", "", { "bin": { "tsc": "bin/tsc", "tsserver": "bin/tsserver" } }, ""],

    "undici-types": ["undici-types@5.26.5", "", {}, "sha512-JlCMO+ehdEIKqlFxk6IfVoAUVmgz7cU7zD/h9XZ0qzeosSHmUJVOzSQvvYSYWXkFXC+IfLKSIffhv0sVZup6pA=="],

    "use-sync-external-store": ["use-sync-external-store@1.4.0", "", { "peerDependencies": { "react": "^16.8.0 || ^17.0.0 || ^18.0.0 || ^19.0.0" } }, ""],

    "zod": ["zod@3.24.1", "", {}, ""],

    "zod-to-json-schema": ["zod-to-json-schema@3.24.1", "", { "peerDependencies": { "zod": "^3.24.1" } }, ""],
  }
}
